// !$*UTF8*$!
{
	archiveVersion = 1;
	classes = {
	};
	objectVersion = 56;
	objects = {

/* Begin PBXBuildFile section */
		42BF15CD29FF98FD00388D81 /* AppDelegate.swift in Sources */ = {isa = PBXBuildFile; fileRef = 42BF15CC29FF98FD00388D81 /* AppDelegate.swift */; };
		42BF15CF29FF98FD00388D81 /* SceneDelegate.swift in Sources */ = {isa = PBXBuildFile; fileRef = 42BF15CE29FF98FD00388D81 /* SceneDelegate.swift */; };
		42BF15D129FF98FD00388D81 /* ViewController.swift in Sources */ = {isa = PBXBuildFile; fileRef = 42BF15D029FF98FD00388D81 /* ViewController.swift */; };
		42BF15D429FF98FD00388D81 /* Main.storyboard in Resources */ = {isa = PBXBuildFile; fileRef = 42BF15D229FF98FD00388D81 /* Main.storyboard */; };
		42BF15D629FF98FD00388D81 /* Assets.xcassets in Resources */ = {isa = PBXBuildFile; fileRef = 42BF15D529FF98FD00388D81 /* Assets.xcassets */; };
		42BF15D929FF98FD00388D81 /* LaunchScreen.storyboard in Resources */ = {isa = PBXBuildFile; fileRef = 42BF15D729FF98FD00388D81 /* LaunchScreen.storyboard */; };
		42BF15E429FF98FE00388D81 /* autoLayoutTests.swift in Sources */ = {isa = PBXBuildFile; fileRef = 42BF15E329FF98FE00388D81 /* autoLayoutTests.swift */; };
		42BF15EE29FF98FE00388D81 /* autoLayoutUITests.swift in Sources */ = {isa = PBXBuildFile; fileRef = 42BF15ED29FF98FE00388D81 /* autoLayoutUITests.swift */; };
		42BF15F029FF98FE00388D81 /* autoLayoutUITestsLaunchTests.swift in Sources */ = {isa = PBXBuildFile; fileRef = 42BF15EF29FF98FE00388D81 /* autoLayoutUITestsLaunchTests.swift */; };
/* End PBXBuildFile section */

/* Begin PBXContainerItemProxy section */
		42BF15E029FF98FE00388D81 /* PBXContainerItemProxy */ = {
			isa = PBXContainerItemProxy;
			containerPortal = 42BF15C129FF98FD00388D81 /* Project object */;
			proxyType = 1;
			remoteGlobalIDString = 42BF15C829FF98FD00388D81;
			remoteInfo = autoLayout;
		};
		42BF15EA29FF98FE00388D81 /* PBXContainerItemProxy */ = {
			isa = PBXContainerItemProxy;
			containerPortal = 42BF15C129FF98FD00388D81 /* Project object */;
			proxyType = 1;
			remoteGlobalIDString = 42BF15C829FF98FD00388D81;
			remoteInfo = autoLayout;
		};
/* End PBXContainerItemProxy section */

/* Begin PBXFileReference section */
		42BF15C929FF98FD00388D81 /* autoLayout.app */ = {isa = PBXFileReference; explicitFileType = wrapper.application; includeInIndex = 0; path = autoLayout.app; sourceTree = BUILT_PRODUCTS_DIR; };
		42BF15CC29FF98FD00388D81 /* AppDelegate.swift */ = {isa = PBXFileReference; lastKnownFileType = sourcecode.swift; path = AppDelegate.swift; sourceTree = "<group>"; };
		42BF15CE29FF98FD00388D81 /* SceneDelegate.swift */ = {isa = PBXFileReference; lastKnownFileType = sourcecode.swift; path = SceneDelegate.swift; sourceTree = "<group>"; };
		42BF15D029FF98FD00388D81 /* ViewController.swift */ = {isa = PBXFileReference; lastKnownFileType = sourcecode.swift; path = ViewController.swift; sourceTree = "<group>"; };
		42BF15D329FF98FD00388D81 /* Base */ = {isa = PBXFileReference; lastKnownFileType = file.storyboard; name = Base; path = Base.lproj/Main.storyboard; sourceTree = "<group>"; };
		42BF15D529FF98FD00388D81 /* Assets.xcassets */ = {isa = PBXFileReference; lastKnownFileType = folder.assetcatalog; path = Assets.xcassets; sourceTree = "<group>"; };
		42BF15D829FF98FD00388D81 /* Base */ = {isa = PBXFileReference; lastKnownFileType = file.storyboard; name = Base; path = Base.lproj/LaunchScreen.storyboard; sourceTree = "<group>"; };
		42BF15DA29FF98FD00388D81 /* Info.plist */ = {isa = PBXFileReference; lastKnownFileType = text.plist.xml; path = Info.plist; sourceTree = "<group>"; };
		42BF15DF29FF98FE00388D81 /* autoLayoutTests.xctest */ = {isa = PBXFileReference; explicitFileType = wrapper.cfbundle; includeInIndex = 0; path = autoLayoutTests.xctest; sourceTree = BUILT_PRODUCTS_DIR; };
		42BF15E329FF98FE00388D81 /* autoLayoutTests.swift */ = {isa = PBXFileReference; lastKnownFileType = sourcecode.swift; path = autoLayoutTests.swift; sourceTree = "<group>"; };
		42BF15E929FF98FE00388D81 /* autoLayoutUITests.xctest */ = {isa = PBXFileReference; explicitFileType = wrapper.cfbundle; includeInIndex = 0; path = autoLayoutUITests.xctest; sourceTree = BUILT_PRODUCTS_DIR; };
		42BF15ED29FF98FE00388D81 /* autoLayoutUITests.swift */ = {isa = PBXFileReference; lastKnownFileType = sourcecode.swift; path = autoLayoutUITests.swift; sourceTree = "<group>"; };
		42BF15EF29FF98FE00388D81 /* autoLayoutUITestsLaunchTests.swift */ = {isa = PBXFileReference; lastKnownFileType = sourcecode.swift; path = autoLayoutUITestsLaunchTests.swift; sourceTree = "<group>"; };
/* End PBXFileReference section */

/* Begin PBXFrameworksBuildPhase section */
		42BF15C629FF98FD00388D81 /* Frameworks */ = {
			isa = PBXFrameworksBuildPhase;
			buildActionMask = 2147483647;
			files = (
			);
			runOnlyForDeploymentPostprocessing = 0;
		};
		42BF15DC29FF98FE00388D81 /* Frameworks */ = {
			isa = PBXFrameworksBuildPhase;
			buildActionMask = 2147483647;
			files = (
			);
			runOnlyForDeploymentPostprocessing = 0;
		};
		42BF15E629FF98FE00388D81 /* Frameworks */ = {
			isa = PBXFrameworksBuildPhase;
			buildActionMask = 2147483647;
			files = (
			);
			runOnlyForDeploymentPostprocessing = 0;
		};
/* End PBXFrameworksBuildPhase section */

/* Begin PBXGroup section */
		42BF15C029FF98FD00388D81 = {
			isa = PBXGroup;
			children = (
				42BF15CB29FF98FD00388D81 /* autoLayout */,
				42BF15E229FF98FE00388D81 /* autoLayoutTests */,
				42BF15EC29FF98FE00388D81 /* autoLayoutUITests */,
				42BF15CA29FF98FD00388D81 /* Products */,
			);
			sourceTree = "<group>";
		};
		42BF15CA29FF98FD00388D81 /* Products */ = {
			isa = PBXGroup;
			children = (
				42BF15C929FF98FD00388D81 /* autoLayout.app */,
				42BF15DF29FF98FE00388D81 /* autoLayoutTests.xctest */,
				42BF15E929FF98FE00388D81 /* autoLayoutUITests.xctest */,
			);
			name = Products;
			sourceTree = "<group>";
		};
		42BF15CB29FF98FD00388D81 /* autoLayout */ = {
			isa = PBXGroup;
			children = (
				42BF15CC29FF98FD00388D81 /* AppDelegate.swift */,
				42BF15CE29FF98FD00388D81 /* SceneDelegate.swift */,
				42BF15D029FF98FD00388D81 /* ViewController.swift */,
				42BF15D229FF98FD00388D81 /* Main.storyboard */,
				42BF15D529FF98FD00388D81 /* Assets.xcassets */,
				42BF15D729FF98FD00388D81 /* LaunchScreen.storyboard */,
				42BF15DA29FF98FD00388D81 /* Info.plist */,
			);
			path = autoLayout;
			sourceTree = "<group>";
		};
		42BF15E229FF98FE00388D81 /* autoLayoutTests */ = {
			isa = PBXGroup;
			children = (
				42BF15E329FF98FE00388D81 /* autoLayoutTests.swift */,
			);
			path = autoLayoutTests;
			sourceTree = "<group>";
		};
		42BF15EC29FF98FE00388D81 /* autoLayoutUITests */ = {
			isa = PBXGroup;
			children = (
				42BF15ED29FF98FE00388D81 /* autoLayoutUITests.swift */,
				42BF15EF29FF98FE00388D81 /* autoLayoutUITestsLaunchTests.swift */,
			);
			path = autoLayoutUITests;
			sourceTree = "<group>";
		};
/* End PBXGroup section */

/* Begin PBXNativeTarget section */
		42BF15C829FF98FD00388D81 /* autoLayout */ = {
			isa = PBXNativeTarget;
			buildConfigurationList = 42BF15F329FF98FE00388D81 /* Build configuration list for PBXNativeTarget "autoLayout" */;
			buildPhases = (
				42BF15C529FF98FD00388D81 /* Sources */,
				42BF15C629FF98FD00388D81 /* Frameworks */,
				42BF15C729FF98FD00388D81 /* Resources */,
			);
			buildRules = (
			);
			dependencies = (
			);
			name = autoLayout;
			productName = autoLayout;
			productReference = 42BF15C929FF98FD00388D81 /* autoLayout.app */;
			productType = "com.apple.product-type.application";
		};
		42BF15DE29FF98FE00388D81 /* autoLayoutTests */ = {
			isa = PBXNativeTarget;
			buildConfigurationList = 42BF15F629FF98FE00388D81 /* Build configuration list for PBXNativeTarget "autoLayoutTests" */;
			buildPhases = (
				42BF15DB29FF98FE00388D81 /* Sources */,
				42BF15DC29FF98FE00388D81 /* Frameworks */,
				42BF15DD29FF98FE00388D81 /* Resources */,
			);
			buildRules = (
			);
			dependencies = (
				42BF15E129FF98FE00388D81 /* PBXTargetDependency */,
			);
			name = autoLayoutTests;
			productName = autoLayoutTests;
			productReference = 42BF15DF29FF98FE00388D81 /* autoLayoutTests.xctest */;
			productType = "com.apple.product-type.bundle.unit-test";
		};
		42BF15E829FF98FE00388D81 /* autoLayoutUITests */ = {
			isa = PBXNativeTarget;
			buildConfigurationList = 42BF15F929FF98FE00388D81 /* Build configuration list for PBXNativeTarget "autoLayoutUITests" */;
			buildPhases = (
				42BF15E529FF98FE00388D81 /* Sources */,
				42BF15E629FF98FE00388D81 /* Frameworks */,
				42BF15E729FF98FE00388D81 /* Resources */,
			);
			buildRules = (
			);
			dependencies = (
				42BF15EB29FF98FE00388D81 /* PBXTargetDependency */,
			);
			name = autoLayoutUITests;
			productName = autoLayoutUITests;
			productReference = 42BF15E929FF98FE00388D81 /* autoLayoutUITests.xctest */;
			productType = "com.apple.product-type.bundle.ui-testing";
		};
/* End PBXNativeTarget section */

/* Begin PBXProject section */
		42BF15C129FF98FD00388D81 /* Project object */ = {
			isa = PBXProject;
			attributes = {
				BuildIndependentTargetsInParallel = 1;
				LastSwiftUpdateCheck = 1430;
				LastUpgradeCheck = 1430;
				TargetAttributes = {
					42BF15C829FF98FD00388D81 = {
						CreatedOnToolsVersion = 14.3;
					};
					42BF15DE29FF98FE00388D81 = {
						CreatedOnToolsVersion = 14.3;
						TestTargetID = 42BF15C829FF98FD00388D81;
					};
					42BF15E829FF98FE00388D81 = {
						CreatedOnToolsVersion = 14.3;
						TestTargetID = 42BF15C829FF98FD00388D81;
					};
				};
			};
			buildConfigurationList = 42BF15C429FF98FD00388D81 /* Build configuration list for PBXProject "autoLayout" */;
			compatibilityVersion = "Xcode 14.0";
			developmentRegion = en;
			hasScannedForEncodings = 0;
			knownRegions = (
				en,
				Base,
			);
			mainGroup = 42BF15C029FF98FD00388D81;
			productRefGroup = 42BF15CA29FF98FD00388D81 /* Products */;
			projectDirPath = "";
			projectRoot = "";
			targets = (
				42BF15C829FF98FD00388D81 /* autoLayout */,
				42BF15DE29FF98FE00388D81 /* autoLayoutTests */,
				42BF15E829FF98FE00388D81 /* autoLayoutUITests */,
			);
		};
/* End PBXProject section */

/* Begin PBXResourcesBuildPhase section */
		42BF15C729FF98FD00388D81 /* Resources */ = {
			isa = PBXResourcesBuildPhase;
			buildActionMask = 2147483647;
			files = (
				42BF15D929FF98FD00388D81 /* LaunchScreen.storyboard in Resources */,
				42BF15D629FF98FD00388D81 /* Assets.xcassets in Resources */,
				42BF15D429FF98FD00388D81 /* Main.storyboard in Resources */,
			);
			runOnlyForDeploymentPostprocessing = 0;
		};
		42BF15DD29FF98FE00388D81 /* Resources */ = {
			isa = PBXResourcesBuildPhase;
			buildActionMask = 2147483647;
			files = (
			);
			runOnlyForDeploymentPostprocessing = 0;
		};
		42BF15E729FF98FE00388D81 /* Resources */ = {
			isa = PBXResourcesBuildPhase;
			buildActionMask = 2147483647;
			files = (
			);
			runOnlyForDeploymentPostprocessing = 0;
		};
/* End PBXResourcesBuildPhase section */

/* Begin PBXSourcesBuildPhase section */
		42BF15C529FF98FD00388D81 /* Sources */ = {
			isa = PBXSourcesBuildPhase;
			buildActionMask = 2147483647;
			files = (
				42BF15D129FF98FD00388D81 /* ViewController.swift in Sources */,
				42BF15CD29FF98FD00388D81 /* AppDelegate.swift in Sources */,
				42BF15CF29FF98FD00388D81 /* SceneDelegate.swift in Sources */,
			);
			runOnlyForDeploymentPostprocessing = 0;
		};
		42BF15DB29FF98FE00388D81 /* Sources */ = {
			isa = PBXSourcesBuildPhase;
			buildActionMask = 2147483647;
			files = (
				42BF15E429FF98FE00388D81 /* autoLayoutTests.swift in Sources */,
			);
			runOnlyForDeploymentPostprocessing = 0;
		};
		42BF15E529FF98FE00388D81 /* Sources */ = {
			isa = PBXSourcesBuildPhase;
			buildActionMask = 2147483647;
			files = (
				42BF15EE29FF98FE00388D81 /* autoLayoutUITests.swift in Sources */,
				42BF15F029FF98FE00388D81 /* autoLayoutUITestsLaunchTests.swift in Sources */,
			);
			runOnlyForDeploymentPostprocessing = 0;
		};
/* End PBXSourcesBuildPhase section */

/* Begin PBXTargetDependency section */
		42BF15E129FF98FE00388D81 /* PBXTargetDependency */ = {
			isa = PBXTargetDependency;
			target = 42BF15C829FF98FD00388D81 /* autoLayout */;
			targetProxy = 42BF15E029FF98FE00388D81 /* PBXContainerItemProxy */;
		};
		42BF15EB29FF98FE00388D81 /* PBXTargetDependency */ = {
			isa = PBXTargetDependency;
			target = 42BF15C829FF98FD00388D81 /* autoLayout */;
			targetProxy = 42BF15EA29FF98FE00388D81 /* PBXContainerItemProxy */;
		};
/* End PBXTargetDependency section */

/* Begin PBXVariantGroup section */
		42BF15D229FF98FD00388D81 /* Main.storyboard */ = {
			isa = PBXVariantGroup;
			children = (
				42BF15D329FF98FD00388D81 /* Base */,
			);
			name = Main.storyboard;
			sourceTree = "<group>";
		};
		42BF15D729FF98FD00388D81 /* LaunchScreen.storyboard */ = {
			isa = PBXVariantGroup;
			children = (
				42BF15D829FF98FD00388D81 /* Base */,
			);
			name = LaunchScreen.storyboard;
			sourceTree = "<group>";
		};
/* End PBXVariantGroup section */

/* Begin XCBuildConfiguration section */
		42BF15F129FF98FE00388D81 /* Debug */ = {
			isa = XCBuildConfiguration;
			buildSettings = {
				ALWAYS_SEARCH_USER_PATHS = NO;
				CLANG_ANALYZER_NONNULL = YES;
				CLANG_ANALYZER_NUMBER_OBJECT_CONVERSION = YES_AGGRESSIVE;
				CLANG_CXX_LANGUAGE_STANDARD = "gnu++20";
				CLANG_ENABLE_MODULES = YES;
				CLANG_ENABLE_OBJC_ARC = YES;
				CLANG_ENABLE_OBJC_WEAK = YES;
				CLANG_WARN_BLOCK_CAPTURE_AUTORELEASING = YES;
				CLANG_WARN_BOOL_CONVERSION = YES;
				CLANG_WARN_COMMA = YES;
				CLANG_WARN_CONSTANT_CONVERSION = YES;
				CLANG_WARN_DEPRECATED_OBJC_IMPLEMENTATIONS = YES;
				CLANG_WARN_DIRECT_OBJC_ISA_USAGE = YES_ERROR;
				CLANG_WARN_DOCUMENTATION_COMMENTS = YES;
				CLANG_WARN_EMPTY_BODY = YES;
				CLANG_WARN_ENUM_CONVERSION = YES;
				CLANG_WARN_INFINITE_RECURSION = YES;
				CLANG_WARN_INT_CONVERSION = YES;
				CLANG_WARN_NON_LITERAL_NULL_CONVERSION = YES;
				CLANG_WARN_OBJC_IMPLICIT_RETAIN_SELF = YES;
				CLANG_WARN_OBJC_LITERAL_CONVERSION = YES;
				CLANG_WARN_OBJC_ROOT_CLASS = YES_ERROR;
				CLANG_WARN_QUOTED_INCLUDE_IN_FRAMEWORK_HEADER = YES;
				CLANG_WARN_RANGE_LOOP_ANALYSIS = YES;
				CLANG_WARN_STRICT_PROTOTYPES = YES;
				CLANG_WARN_SUSPICIOUS_MOVE = YES;
				CLANG_WARN_UNGUARDED_AVAILABILITY = YES_AGGRESSIVE;
				CLANG_WARN_UNREACHABLE_CODE = YES;
				CLANG_WARN__DUPLICATE_METHOD_MATCH = YES;
				COPY_PHASE_STRIP = NO;
				DEBUG_INFORMATION_FORMAT = dwarf;
				ENABLE_STRICT_OBJC_MSGSEND = YES;
				ENABLE_TESTABILITY = YES;
				GCC_C_LANGUAGE_STANDARD = gnu11;
				GCC_DYNAMIC_NO_PIC = NO;
				GCC_NO_COMMON_BLOCKS = YES;
				GCC_OPTIMIZATION_LEVEL = 0;
				GCC_PREPROCESSOR_DEFINITIONS = (
					"DEBUG=1",
					"$(inherited)",
				);
				GCC_WARN_64_TO_32_BIT_CONVERSION = YES;
				GCC_WARN_ABOUT_RETURN_TYPE = YES_ERROR;
				GCC_WARN_UNDECLARED_SELECTOR = YES;
				GCC_WARN_UNINITIALIZED_AUTOS = YES_AGGRESSIVE;
				GCC_WARN_UNUSED_FUNCTION = YES;
				GCC_WARN_UNUSED_VARIABLE = YES;
				IPHONEOS_DEPLOYMENT_TARGET = 16.4;
				MTL_ENABLE_DEBUG_INFO = INCLUDE_SOURCE;
				MTL_FAST_MATH = YES;
				ONLY_ACTIVE_ARCH = YES;
				SDKROOT = iphoneos;
				SWIFT_ACTIVE_COMPILATION_CONDITIONS = DEBUG;
				SWIFT_OPTIMIZATION_LEVEL = "-Onone";
			};
			name = Debug;
		};
		42BF15F229FF98FE00388D81 /* Release */ = {
			isa = XCBuildConfiguration;
			buildSettings = {
				ALWAYS_SEARCH_USER_PATHS = NO;
				CLANG_ANALYZER_NONNULL = YES;
				CLANG_ANALYZER_NUMBER_OBJECT_CONVERSION = YES_AGGRESSIVE;
				CLANG_CXX_LANGUAGE_STANDARD = "gnu++20";
				CLANG_ENABLE_MODULES = YES;
				CLANG_ENABLE_OBJC_ARC = YES;
				CLANG_ENABLE_OBJC_WEAK = YES;
				CLANG_WARN_BLOCK_CAPTURE_AUTORELEASING = YES;
				CLANG_WARN_BOOL_CONVERSION = YES;
				CLANG_WARN_COMMA = YES;
				CLANG_WARN_CONSTANT_CONVERSION = YES;
				CLANG_WARN_DEPRECATED_OBJC_IMPLEMENTATIONS = YES;
				CLANG_WARN_DIRECT_OBJC_ISA_USAGE = YES_ERROR;
				CLANG_WARN_DOCUMENTATION_COMMENTS = YES;
				CLANG_WARN_EMPTY_BODY = YES;
				CLANG_WARN_ENUM_CONVERSION = YES;
				CLANG_WARN_INFINITE_RECURSION = YES;
				CLANG_WARN_INT_CONVERSION = YES;
				CLANG_WARN_NON_LITERAL_NULL_CONVERSION = YES;
				CLANG_WARN_OBJC_IMPLICIT_RETAIN_SELF = YES;
				CLANG_WARN_OBJC_LITERAL_CONVERSION = YES;
				CLANG_WARN_OBJC_ROOT_CLASS = YES_ERROR;
				CLANG_WARN_QUOTED_INCLUDE_IN_FRAMEWORK_HEADER = YES;
				CLANG_WARN_RANGE_LOOP_ANALYSIS = YES;
				CLANG_WARN_STRICT_PROTOTYPES = YES;
				CLANG_WARN_SUSPICIOUS_MOVE = YES;
				CLANG_WARN_UNGUARDED_AVAILABILITY = YES_AGGRESSIVE;
				CLANG_WARN_UNREACHABLE_CODE = YES;
				CLANG_WARN__DUPLICATE_METHOD_MATCH = YES;
				COPY_PHASE_STRIP = NO;
				DEBUG_INFORMATION_FORMAT = "dwarf-with-dsym";
				ENABLE_NS_ASSERTIONS = NO;
				ENABLE_STRICT_OBJC_MSGSEND = YES;
				GCC_C_LANGUAGE_STANDARD = gnu11;
				GCC_NO_COMMON_BLOCKS = YES;
				GCC_WARN_64_TO_32_BIT_CONVERSION = YES;
				GCC_WARN_ABOUT_RETURN_TYPE = YES_ERROR;
				GCC_WARN_UNDECLARED_SELECTOR = YES;
				GCC_WARN_UNINITIALIZED_AUTOS = YES_AGGRESSIVE;
				GCC_WARN_UNUSED_FUNCTION = YES;
				GCC_WARN_UNUSED_VARIABLE = YES;
				IPHONEOS_DEPLOYMENT_TARGET = 16.4;
				MTL_ENABLE_DEBUG_INFO = NO;
				MTL_FAST_MATH = YES;
				SDKROOT = iphoneos;
				SWIFT_COMPILATION_MODE = wholemodule;
				SWIFT_OPTIMIZATION_LEVEL = "-O";
				VALIDATE_PRODUCT = YES;
			};
			name = Release;
		};
		42BF15F429FF98FE00388D81 /* Debug */ = {
			isa = XCBuildConfiguration;
			buildSettings = {
				ASSETCATALOG_COMPILER_APPICON_NAME = AppIcon;
				ASSETCATALOG_COMPILER_GLOBAL_ACCENT_COLOR_NAME = AccentColor;
				CODE_SIGN_STYLE = Automatic;
				CURRENT_PROJECT_VERSION = 1;
				DEVELOPMENT_TEAM = RED6A6AM28;
				GENERATE_INFOPLIST_FILE = YES;
				INFOPLIST_FILE = autoLayout/Info.plist;
				INFOPLIST_KEY_UIApplicationSupportsIndirectInputEvents = YES;
				INFOPLIST_KEY_UILaunchStoryboardName = LaunchScreen;
				INFOPLIST_KEY_UIMainStoryboardFile = Main;
				INFOPLIST_KEY_UISupportedInterfaceOrientations_iPad = "UIInterfaceOrientationPortrait UIInterfaceOrientationPortraitUpsideDown UIInterfaceOrientationLandscapeLeft UIInterfaceOrientationLandscapeRight";
				INFOPLIST_KEY_UISupportedInterfaceOrientations_iPhone = "UIInterfaceOrientationPortrait UIInterfaceOrientationLandscapeLeft UIInterfaceOrientationLandscapeRight";
				LD_RUNPATH_SEARCH_PATHS = (
					"$(inherited)",
					"@executable_path/Frameworks",
				);
				MARKETING_VERSION = 1.0;
				PRODUCT_BUNDLE_IDENTIFIER = test.autoLayout;
				PRODUCT_NAME = "$(TARGET_NAME)";
				SWIFT_EMIT_LOC_STRINGS = YES;
				SWIFT_VERSION = 5.0;
				TARGETED_DEVICE_FAMILY = "1,2";
			};
			name = Debug;
		};
		42BF15F529FF98FE00388D81 /* Release */ = {
			isa = XCBuildConfiguration;
			buildSettings = {
				ASSETCATALOG_COMPILER_APPICON_NAME = AppIcon;
				ASSETCATALOG_COMPILER_GLOBAL_ACCENT_COLOR_NAME = AccentColor;
				CODE_SIGN_STYLE = Automatic;
				CURRENT_PROJECT_VERSION = 1;
				DEVELOPMENT_TEAM = RED6A6AM28;
				GENERATE_INFOPLIST_FILE = YES;
				INFOPLIST_FILE = autoLayout/Info.plist;
				INFOPLIST_KEY_UIApplicationSupportsIndirectInputEvents = YES;
				INFOPLIST_KEY_UILaunchStoryboardName = LaunchScreen;
				INFOPLIST_KEY_UIMainStoryboardFile = Main;
				INFOPLIST_KEY_UISupportedInterfaceOrientations_iPad = "UIInterfaceOrientationPortrait UIInterfaceOrientationPortraitUpsideDown UIInterfaceOrientationLandscapeLeft UIInterfaceOrientationLandscapeRight";
				INFOPLIST_KEY_UISupportedInterfaceOrientations_iPhone = "UIInterfaceOrientationPortrait UIInterfaceOrientationLandscapeLeft UIInterfaceOrientationLandscapeRight";
				LD_RUNPATH_SEARCH_PATHS = (
					"$(inherited)",
					"@executable_path/Frameworks",
				);
				MARKETING_VERSION = 1.0;
				PRODUCT_BUNDLE_IDENTIFIER = test.autoLayout;
				PRODUCT_NAME = "$(TARGET_NAME)";
				SWIFT_EMIT_LOC_STRINGS = YES;
				SWIFT_VERSION = 5.0;
				TARGETED_DEVICE_FAMILY = "1,2";
			};
			name = Release;
		};
		42BF15F729FF98FE00388D81 /* Debug */ = {
			isa = XCBuildConfiguration;
			buildSettings = {
				ALWAYS_EMBED_SWIFT_STANDARD_LIBRARIES = YES;
				BUNDLE_LOADER = "$(TEST_HOST)";
				CODE_SIGN_STYLE = Automatic;
				CURRENT_PROJECT_VERSION = 1;
				DEVELOPMENT_TEAM = RED6A6AM28;
				GENERATE_INFOPLIST_FILE = YES;
				IPHONEOS_DEPLOYMENT_TARGET = 16.4;
				MARKETING_VERSION = 1.0;
				PRODUCT_BUNDLE_IDENTIFIER = test.autoLayoutTests;
				PRODUCT_NAME = "$(TARGET_NAME)";
				SWIFT_EMIT_LOC_STRINGS = NO;
				SWIFT_VERSION = 5.0;
				TARGETED_DEVICE_FAMILY = "1,2";
				TEST_HOST = "$(BUILT_PRODUCTS_DIR)/autoLayout.app/$(BUNDLE_EXECUTABLE_FOLDER_PATH)/autoLayout";
			};
			name = Debug;
		};
		42BF15F829FF98FE00388D81 /* Release */ = {
			isa = XCBuildConfiguration;
			buildSettings = {
				ALWAYS_EMBED_SWIFT_STANDARD_LIBRARIES = YES;
				BUNDLE_LOADER = "$(TEST_HOST)";
				CODE_SIGN_STYLE = Automatic;
				CURRENT_PROJECT_VERSION = 1;
				DEVELOPMENT_TEAM = RED6A6AM28;
				GENERATE_INFOPLIST_FILE = YES;
				IPHONEOS_DEPLOYMENT_TARGET = 16.4;
				MARKETING_VERSION = 1.0;
				PRODUCT_BUNDLE_IDENTIFIER = test.autoLayoutTests;
				PRODUCT_NAME = "$(TARGET_NAME)";
				SWIFT_EMIT_LOC_STRINGS = NO;
				SWIFT_VERSION = 5.0;
				TARGETED_DEVICE_FAMILY = "1,2";
				TEST_HOST = "$(BUILT_PRODUCTS_DIR)/autoLayout.app/$(BUNDLE_EXECUTABLE_FOLDER_PATH)/autoLayout";
			};
			name = Release;
		};
		42BF15FA29FF98FE00388D81 /* Debug */ = {
			isa = XCBuildConfiguration;
			buildSettings = {
				ALWAYS_EMBED_SWIFT_STANDARD_LIBRARIES = YES;
				CODE_SIGN_STYLE = Automatic;
				CURRENT_PROJECT_VERSION = 1;
				DEVELOPMENT_TEAM = RED6A6AM28;
				GENERATE_INFOPLIST_FILE = YES;
				MARKETING_VERSION = 1.0;
				PRODUCT_BUNDLE_IDENTIFIER = test.autoLayoutUITests;
				PRODUCT_NAME = "$(TARGET_NAME)";
				SWIFT_EMIT_LOC_STRINGS = NO;
				SWIFT_VERSION = 5.0;
				TARGETED_DEVICE_FAMILY = "1,2";
				TEST_TARGET_NAME = autoLayout;
			};
			name = Debug;
		};
		42BF15FB29FF98FE00388D81 /* Release */ = {
			isa = XCBuildConfiguration;
			buildSettings = {
				ALWAYS_EMBED_SWIFT_STANDARD_LIBRARIES = YES;
				CODE_SIGN_STYLE = Automatic;
				CURRENT_PROJECT_VERSION = 1;
				DEVELOPMENT_TEAM = RED6A6AM28;
				GENERATE_INFOPLIST_FILE = YES;
				MARKETING_VERSION = 1.0;
				PRODUCT_BUNDLE_IDENTIFIER = test.autoLayoutUITests;
				PRODUCT_NAME = "$(TARGET_NAME)";
				SWIFT_EMIT_LOC_STRINGS = NO;
				SWIFT_VERSION = 5.0;
				TARGETED_DEVICE_FAMILY = "1,2";
				TEST_TARGET_NAME = autoLayout;
			};
			name = Release;
		};
/* End XCBuildConfiguration section */

/* Begin XCConfigurationList section */
		42BF15C429FF98FD00388D81 /* Build configuration list for PBXProject "autoLayout" */ = {
			isa = XCConfigurationList;
			buildConfigurations = (
				42BF15F129FF98FE00388D81 /* Debug */,
				42BF15F229FF98FE00388D81 /* Release */,
			);
			defaultConfigurationIsVisible = 0;
			defaultConfigurationName = Release;
		};
		42BF15F329FF98FE00388D81 /* Build configuration list for PBXNativeTarget "autoLayout" */ = {
			isa = XCConfigurationList;
			buildConfigurations = (
				42BF15F429FF98FE00388D81 /* Debug */,
				42BF15F529FF98FE00388D81 /* Release */,
			);
			defaultConfigurationIsVisible = 0;
			defaultConfigurationName = Release;
		};
		42BF15F629FF98FE00388D81 /* Build configuration list for PBXNativeTarget "autoLayoutTests" */ = {
			isa = XCConfigurationList;
			buildConfigurations = (
				42BF15F729FF98FE00388D81 /* Debug */,
				42BF15F829FF98FE00388D81 /* Release */,
			);
			defaultConfigurationIsVisible = 0;
			defaultConfigurationName = Release;
		};
		42BF15F929FF98FE00388D81 /* Build configuration list for PBXNativeTarget "autoLayoutUITests" */ = {
			isa = XCConfigurationList;
			buildConfigurations = (
				42BF15FA29FF98FE00388D81 /* Debug */,
				42BF15FB29FF98FE00388D81 /* Release */,
			);
			defaultConfigurationIsVisible = 0;
			defaultConfigurationName = Release;
		};
/* End XCConfigurationList section */
	};
	rootObject = 42BF15C129FF98FD00388D81 /* Project object */;
}
